
Microsoft Visual Studio Solution File, Format Version 12.00
# Visual Studio Version 16
VisualStudioVersion = 16.0.29519.87
MinimumVisualStudioVersion = 10.0.40219.1
Project("{FAE04EC0-301F-11D3-BF4B-00C04F79EFBC}") = "ProgressQATask_v1", "ProgressQATask_v1.csproj", "{169AC2A3-4A67-4C83-8C6B-823F1DAB4144}"
EndProject
Global
	GlobalSection(SolutionConfigurationPlatforms) = preSolution
		Debug|Any CPU = Debug|Any CPU
		Release|Any CPU = Release|Any CPU
	EndGlobalSection
	GlobalSection(ProjectConfigurationPlatforms) = postSolution
		{169AC2A3-4A67-4C83-8C6B-823F1DAB4144}.Debug|Any CPU.ActiveCfg = Debug|Any CPU
		{169AC2A3-4A67-4C83-8C6B-823F1DAB4144}.Debug|Any CPU.Build.0 = Debug|Any CPU
		{169AC2A3-4A67-4C83-8C6B-823F1DAB4144}.Release|Any CPU.ActiveCfg = Release|Any CPU
		{169AC2A3-4A67-4C83-8C6B-823F1DAB4144}.Release|Any CPU.Build.0 = Release|Any CPU
	EndGlobalSection
	GlobalSection(SolutionProperties) = preSolution
		HideSolutionNode = FALSE
	EndGlobalSection
	GlobalSection(ExtensibilityGlobals) = postSolution
		SolutionGuid = {E942B9B6-D3D8-4240-A5AF-9D7BCC2A570E}
	EndGlobalSection
EndGlobal
